
Microsoft Visual Studio Solution File, Format Version 12.00
# Visual Studio 14
VisualStudioVersion = 14.0.25420.1
MinimumVisualStudioVersion = 10.0.40219.1
Project("{FAE04EC0-301F-11D3-BF4B-00C04F79EFBC}") = "SQLAccessor", "..\SQLAccessor\SQLAccessor.csproj", "{170CA7AB-3B21-4269-907B-52E546D24865}"
EndProject
Project("{FAE04EC0-301F-11D3-BF4B-00C04F79EFBC}") = "Tests", "..\Tests\Tests.csproj", "{3877A9D1-F6C3-4663-9C11-01AFB80720A4}"
EndProject
Global
	GlobalSection(SolutionConfigurationPlatforms) = preSolution
		Debug|Any CPU = Debug|Any CPU
		Release|Any CPU = Release|Any CPU
	EndGlobalSection
	GlobalSection(ProjectConfigurationPlatforms) = postSolution
		{170CA7AB-3B21-4269-907B-52E546D24865}.Debug|Any CPU.ActiveCfg = Debug|Any CPU
		{170CA7AB-3B21-4269-907B-52E546D24865}.Debug|Any CPU.Build.0 = Debug|Any CPU
		{170CA7AB-3B21-4269-907B-52E546D24865}.Release|Any CPU.ActiveCfg = Release|Any CPU
		{170CA7AB-3B21-4269-907B-52E546D24865}.Release|Any CPU.Build.0 = Release|Any CPU
		{3877A9D1-F6C3-4663-9C11-01AFB80720A4}.Debug|Any CPU.ActiveCfg = Debug|Any CPU
		{3877A9D1-F6C3-4663-9C11-01AFB80720A4}.Debug|Any CPU.Build.0 = Debug|Any CPU
		{3877A9D1-F6C3-4663-9C11-01AFB80720A4}.Release|Any CPU.ActiveCfg = Release|Any CPU
		{3877A9D1-F6C3-4663-9C11-01AFB80720A4}.Release|Any CPU.Build.0 = Release|Any CPU
	EndGlobalSection
	GlobalSection(SolutionProperties) = preSolution
		HideSolutionNode = FALSE
	EndGlobalSection
EndGlobal
